
Microsoft Visual Studio Solution File, Format Version 12.00
# Visual Studio Version 16
VisualStudioVersion = 16.0.31624.102
MinimumVisualStudioVersion = 10.0.40219.1
Project("{FAE04EC0-301F-11D3-BF4B-00C04F79EFBC}") = "GeometryDraw", "GeometryDraw.csproj", "{9BC6DDEC-CC04-4692-9B5A-CB9259151E10}"
EndProject
Global
	GlobalSection(SolutionConfigurationPlatforms) = preSolution
		Debug|Any CPU = Debug|Any CPU
		Release|Any CPU = Release|Any CPU
	EndGlobalSection
	GlobalSection(ProjectConfigurationPlatforms) = postSolution
		{9BC6DDEC-CC04-4692-9B5A-CB9259151E10}.Debug|Any CPU.ActiveCfg = Debug|Any CPU
		{9BC6DDEC-CC04-4692-9B5A-CB9259151E10}.Debug|Any CPU.Build.0 = Debug|Any CPU
		{9BC6DDEC-CC04-4692-9B5A-CB9259151E10}.Release|Any CPU.ActiveCfg = Release|Any CPU
		{9BC6DDEC-CC04-4692-9B5A-CB9259151E10}.Release|Any CPU.Build.0 = Release|Any CPU
	EndGlobalSection
	GlobalSection(SolutionProperties) = preSolution
		HideSolutionNode = FALSE
	EndGlobalSection
	GlobalSection(ExtensibilityGlobals) = postSolution
		SolutionGuid = {BEBB7D05-EE33-4089-B663-CA7FCB13C903}
	EndGlobalSection
EndGlobal
